
Microsoft Visual Studio Solution File, Format Version 12.00
# Visual Studio 15
VisualStudioVersion = 15.0.28307.1022
MinimumVisualStudioVersion = 10.0.40219.1
Project("{2150E333-8FDC-42A3-9474-1A3956D46DE8}") = "Core", "Core", "{1510959F-BFBC-40AA-B7A9-2D8C909FBF46}"
EndProject
Project("{2150E333-8FDC-42A3-9474-1A3956D46DE8}") = "Infrastrutures", "Infrastrutures", "{F4EF12A8-7845-490D-9C32-2D78E165EF20}"
EndProject
Project("{2150E333-8FDC-42A3-9474-1A3956D46DE8}") = "Presentation", "Presentation", "{F128CA85-AA08-497E-B7DF-277069EAA0D4}"
EndProject
Project("{2150E333-8FDC-42A3-9474-1A3956D46DE8}") = "Tests", "Tests", "{0E7B31CE-6C34-44FC-8754-A7C8FFE783C8}"
EndProject
Project("{FAE04EC0-301F-11D3-BF4B-00C04F79EFBC}") = "Application", "Application\Application.csproj", "{AC9D6E52-B71D-443D-9B8C-7B7D1690CE12}"
EndProject
Project("{FAE04EC0-301F-11D3-BF4B-00C04F79EFBC}") = "ApplicationInterfaces", "ApplicationInterfaces\ApplicationInterfaces.csproj", "{D4FD5873-6147-4231-B3D5-C99DD85830B5}"
EndProject
Project("{FAE04EC0-301F-11D3-BF4B-00C04F79EFBC}") = "ApplicationIoC", "ApplicationIoC\ApplicationIoC.csproj", "{1799A5BA-E1DB-4F3E-B62C-9E823BAA757B}"
EndProject
Project("{FAE04EC0-301F-11D3-BF4B-00C04F79EFBC}") = "Domain", "Domain\Domain.csproj", "{23F92DFA-B291-46A8-B38C-FDAE5EEB29AE}"
EndProject
Project("{FAE04EC0-301F-11D3-BF4B-00C04F79EFBC}") = "Infrastructure", "Infrastruture\Infrastructure.csproj", "{C3483E38-FA1E-42C2-87C3-507C10DA67DD}"
EndProject
Project("{FAE04EC0-301F-11D3-BF4B-00C04F79EFBC}") = "InfrastructureInterfaces", "InfrastructureInterfaces\InfrastructureInterfaces.csproj", "{B10F3A8E-57D0-4B64-8CB0-14CAFD9B66DC}"
EndProject
Project("{FAE04EC0-301F-11D3-BF4B-00C04F79EFBC}") = "InfrastructureIoC", "InfrastructureIoC\InfrastructureIoC.csproj", "{6ACC28A4-319C-4A3B-B5DB-BAC2C40C6E36}"
EndProject
Project("{2150E333-8FDC-42A3-9474-1A3956D46DE8}") = "ViewModel", "ViewModel", "{E9355ED3-0295-473D-B70B-A8653BF6A132}"
EndProject
Project("{2150E333-8FDC-42A3-9474-1A3956D46DE8}") = "Controllers", "Controllers", "{EAC70454-B9D1-4212-8D9D-96DCF8373BBB}"
EndProject
Project("{2150E333-8FDC-42A3-9474-1A3956D46DE8}") = "Views", "Views", "{F83466C9-8051-4D84-B6A8-4205FD331B78}"
EndProject
Project("{FAE04EC0-301F-11D3-BF4B-00C04F79EFBC}") = "PresentationDesktop", "PresentationDesktop\PresentationDesktop.csproj", "{2CB7DFB0-4C99-4066-AAF1-BED34BAADF84}"
EndProject
Project("{FAE04EC0-301F-11D3-BF4B-00C04F79EFBC}") = "UnitTest.Integration.Repositories", "UnitTest.Integration.Repositories\UnitTest.Integration.Repositories.csproj", "{B5219587-403A-4C76-96CA-A6025CC30C9D}"
EndProject
Global
	GlobalSection(SolutionConfigurationPlatforms) = preSolution
		Debug|Any CPU = Debug|Any CPU
		Release|Any CPU = Release|Any CPU
	EndGlobalSection
	GlobalSection(ProjectConfigurationPlatforms) = postSolution
		{AC9D6E52-B71D-443D-9B8C-7B7D1690CE12}.Debug|Any CPU.ActiveCfg = Debug|Any CPU
		{AC9D6E52-B71D-443D-9B8C-7B7D1690CE12}.Debug|Any CPU.Build.0 = Debug|Any CPU
		{AC9D6E52-B71D-443D-9B8C-7B7D1690CE12}.Release|Any CPU.ActiveCfg = Release|Any CPU
		{AC9D6E52-B71D-443D-9B8C-7B7D1690CE12}.Release|Any CPU.Build.0 = Release|Any CPU
		{D4FD5873-6147-4231-B3D5-C99DD85830B5}.Debug|Any CPU.ActiveCfg = Debug|Any CPU
		{D4FD5873-6147-4231-B3D5-C99DD85830B5}.Debug|Any CPU.Build.0 = Debug|Any CPU
		{D4FD5873-6147-4231-B3D5-C99DD85830B5}.Release|Any CPU.ActiveCfg = Release|Any CPU
		{D4FD5873-6147-4231-B3D5-C99DD85830B5}.Release|Any CPU.Build.0 = Release|Any CPU
		{1799A5BA-E1DB-4F3E-B62C-9E823BAA757B}.Debug|Any CPU.ActiveCfg = Debug|Any CPU
		{1799A5BA-E1DB-4F3E-B62C-9E823BAA757B}.Debug|Any CPU.Build.0 = Debug|Any CPU
		{1799A5BA-E1DB-4F3E-B62C-9E823BAA757B}.Release|Any CPU.ActiveCfg = Release|Any CPU
		{1799A5BA-E1DB-4F3E-B62C-9E823BAA757B}.Release|Any CPU.Build.0 = Release|Any CPU
		{23F92DFA-B291-46A8-B38C-FDAE5EEB29AE}.Debug|Any CPU.ActiveCfg = Debug|Any CPU
		{23F92DFA-B291-46A8-B38C-FDAE5EEB29AE}.Debug|Any CPU.Build.0 = Debug|Any CPU
		{23F92DFA-B291-46A8-B38C-FDAE5EEB29AE}.Release|Any CPU.ActiveCfg = Release|Any CPU
		{23F92DFA-B291-46A8-B38C-FDAE5EEB29AE}.Release|Any CPU.Build.0 = Release|Any CPU
		{C3483E38-FA1E-42C2-87C3-507C10DA67DD}.Debug|Any CPU.ActiveCfg = Debug|Any CPU
		{C3483E38-FA1E-42C2-87C3-507C10DA67DD}.Debug|Any CPU.Build.0 = Debug|Any CPU
		{C3483E38-FA1E-42C2-87C3-507C10DA67DD}.Release|Any CPU.ActiveCfg = Release|Any CPU
		{C3483E38-FA1E-42C2-87C3-507C10DA67DD}.Release|Any CPU.Build.0 = Release|Any CPU
		{B10F3A8E-57D0-4B64-8CB0-14CAFD9B66DC}.Debug|Any CPU.ActiveCfg = Debug|Any CPU
		{B10F3A8E-57D0-4B64-8CB0-14CAFD9B66DC}.Debug|Any CPU.Build.0 = Debug|Any CPU
		{B10F3A8E-57D0-4B64-8CB0-14CAFD9B66DC}.Release|Any CPU.ActiveCfg = Release|Any CPU
		{B10F3A8E-57D0-4B64-8CB0-14CAFD9B66DC}.Release|Any CPU.Build.0 = Release|Any CPU
		{6ACC28A4-319C-4A3B-B5DB-BAC2C40C6E36}.Debug|Any CPU.ActiveCfg = Debug|Any CPU
		{6ACC28A4-319C-4A3B-B5DB-BAC2C40C6E36}.Debug|Any CPU.Build.0 = Debug|Any CPU
		{6ACC28A4-319C-4A3B-B5DB-BAC2C40C6E36}.Release|Any CPU.ActiveCfg = Release|Any CPU
		{6ACC28A4-319C-4A3B-B5DB-BAC2C40C6E36}.Release|Any CPU.Build.0 = Release|Any CPU
		{2CB7DFB0-4C99-4066-AAF1-BED34BAADF84}.Debug|Any CPU.ActiveCfg = Debug|Any CPU
		{2CB7DFB0-4C99-4066-AAF1-BED34BAADF84}.Debug|Any CPU.Build.0 = Debug|Any CPU
		{2CB7DFB0-4C99-4066-AAF1-BED34BAADF84}.Release|Any CPU.ActiveCfg = Release|Any CPU
		{2CB7DFB0-4C99-4066-AAF1-BED34BAADF84}.Release|Any CPU.Build.0 = Release|Any CPU
		{B5219587-403A-4C76-96CA-A6025CC30C9D}.Debug|Any CPU.ActiveCfg = Debug|Any CPU
		{B5219587-403A-4C76-96CA-A6025CC30C9D}.Debug|Any CPU.Build.0 = Debug|Any CPU
		{B5219587-403A-4C76-96CA-A6025CC30C9D}.Release|Any CPU.ActiveCfg = Release|Any CPU
		{B5219587-403A-4C76-96CA-A6025CC30C9D}.Release|Any CPU.Build.0 = Release|Any CPU
	EndGlobalSection
	GlobalSection(SolutionProperties) = preSolution
		HideSolutionNode = FALSE
	EndGlobalSection
	GlobalSection(NestedProjects) = preSolution
		{AC9D6E52-B71D-443D-9B8C-7B7D1690CE12} = {1510959F-BFBC-40AA-B7A9-2D8C909FBF46}
		{D4FD5873-6147-4231-B3D5-C99DD85830B5} = {1510959F-BFBC-40AA-B7A9-2D8C909FBF46}
		{1799A5BA-E1DB-4F3E-B62C-9E823BAA757B} = {1510959F-BFBC-40AA-B7A9-2D8C909FBF46}
		{23F92DFA-B291-46A8-B38C-FDAE5EEB29AE} = {1510959F-BFBC-40AA-B7A9-2D8C909FBF46}
		{C3483E38-FA1E-42C2-87C3-507C10DA67DD} = {F4EF12A8-7845-490D-9C32-2D78E165EF20}
		{B10F3A8E-57D0-4B64-8CB0-14CAFD9B66DC} = {F4EF12A8-7845-490D-9C32-2D78E165EF20}
		{6ACC28A4-319C-4A3B-B5DB-BAC2C40C6E36} = {F4EF12A8-7845-490D-9C32-2D78E165EF20}
		{E9355ED3-0295-473D-B70B-A8653BF6A132} = {F128CA85-AA08-497E-B7DF-277069EAA0D4}
		{EAC70454-B9D1-4212-8D9D-96DCF8373BBB} = {F128CA85-AA08-497E-B7DF-277069EAA0D4}
		{F83466C9-8051-4D84-B6A8-4205FD331B78} = {F128CA85-AA08-497E-B7DF-277069EAA0D4}
		{2CB7DFB0-4C99-4066-AAF1-BED34BAADF84} = {F83466C9-8051-4D84-B6A8-4205FD331B78}
		{B5219587-403A-4C76-96CA-A6025CC30C9D} = {0E7B31CE-6C34-44FC-8754-A7C8FFE783C8}
	EndGlobalSection
	GlobalSection(ExtensibilityGlobals) = postSolution
		SolutionGuid = {34670EA8-BE2A-48CF-8BD7-23ECC615E770}
	EndGlobalSection
EndGlobal
